
Microsoft Visual Studio Solution File, Format Version 12.00
# Visual Studio 14
VisualStudioVersion = 14.0.25420.1
MinimumVisualStudioVersion = 10.0.40219.1
Project("{2150E333-8FDC-42A3-9474-1A3956D46DE8}") = "src", "src", "{07B57A0C-10D3-4167-9789-45AAE3225B11}"
EndProject
Project("{2150E333-8FDC-42A3-9474-1A3956D46DE8}") = "Solution Items", "Solution Items", "{9F2AEAF1-0CCE-4234-8DD7-55DC9043C2A3}"
	ProjectSection(SolutionItems) = preProject
		global.json = global.json
	EndProjectSection
EndProject
Project("{8BB2217D-0F2D-49D1-97BC-3654ED321F3B}") = "MiddlewareAspNetCore", "src\MiddlewareAspNetCore\MiddlewareAspNetCore.xproj", "{D45E0232-004A-40B6-BFC9-90B8C1675223}"
EndProject
Global
	GlobalSection(SolutionConfigurationPlatforms) = preSolution
		Debug|Any CPU = Debug|Any CPU
		Release|Any CPU = Release|Any CPU
	EndGlobalSection
	GlobalSection(ProjectConfigurationPlatforms) = postSolution
		{D45E0232-004A-40B6-BFC9-90B8C1675223}.Debug|Any CPU.ActiveCfg = Debug|Any CPU
		{D45E0232-004A-40B6-BFC9-90B8C1675223}.Debug|Any CPU.Build.0 = Debug|Any CPU
		{D45E0232-004A-40B6-BFC9-90B8C1675223}.Release|Any CPU.ActiveCfg = Release|Any CPU
		{D45E0232-004A-40B6-BFC9-90B8C1675223}.Release|Any CPU.Build.0 = Release|Any CPU
	EndGlobalSection
	GlobalSection(SolutionProperties) = preSolution
		HideSolutionNode = FALSE
	EndGlobalSection
	GlobalSection(NestedProjects) = preSolution
		{D45E0232-004A-40B6-BFC9-90B8C1675223} = {07B57A0C-10D3-4167-9789-45AAE3225B11}
	EndGlobalSection
EndGlobal
